
Microsoft Visual Studio Solution File, Format Version 12.00
# Visual Studio Version 17
VisualStudioVersion = 17.4.33213.308
MinimumVisualStudioVersion = 10.0.40219.1
Project("{FAE04EC0-301F-11D3-BF4B-00C04F79EFBC}") = "TextAdventures", "TextAdventures\TextAdventures.csproj", "{C6B55902-7E83-4B51-8655-8795C4A9AEA4}"
EndProject
Global
	GlobalSection(SolutionConfigurationPlatforms) = preSolution
		Debug|Any CPU = Debug|Any CPU
		Release|Any CPU = Release|Any CPU
	EndGlobalSection
	GlobalSection(ProjectConfigurationPlatforms) = postSolution
		{C6B55902-7E83-4B51-8655-8795C4A9AEA4}.Debug|Any CPU.ActiveCfg = Debug|Any CPU
		{C6B55902-7E83-4B51-8655-8795C4A9AEA4}.Debug|Any CPU.Build.0 = Debug|Any CPU
		{C6B55902-7E83-4B51-8655-8795C4A9AEA4}.Release|Any CPU.ActiveCfg = Release|Any CPU
		{C6B55902-7E83-4B51-8655-8795C4A9AEA4}.Release|Any CPU.Build.0 = Release|Any CPU
	EndGlobalSection
	GlobalSection(SolutionProperties) = preSolution
		HideSolutionNode = FALSE
	EndGlobalSection
	GlobalSection(ExtensibilityGlobals) = postSolution
		SolutionGuid = {5F49047B-8C82-4B72-AE65-0CCE6A55908B}
	EndGlobalSection
EndGlobal
